// !$*UTF8*$!
{
	archiveVersion = 1;
	classes = {
	};
	objectVersion = 48;
	objects = {

/* Begin PBXBuildFile section */
		F923C9EC1FE94A410037BC92 /* AppDelegate.m in Sources */ = {isa = PBXBuildFile; fileRef = F923C9EB1FE94A410037BC92 /* AppDelegate.m */; };
		F923C9EF1FE94A410037BC92 /* ViewController.m in Sources */ = {isa = PBXBuildFile; fileRef = F923C9EE1FE94A410037BC92 /* ViewController.m */; };
		F923C9F21FE94A410037BC92 /* Main.storyboard in Resources */ = {isa = PBXBuildFile; fileRef = F923C9F01FE94A410037BC92 /* Main.storyboard */; };
		F923C9F41FE94A410037BC92 /* Assets.xcassets in Resources */ = {isa = PBXBuildFile; fileRef = F923C9F31FE94A410037BC92 /* Assets.xcassets */; };
		F923C9F71FE94A410037BC92 /* LaunchScreen.storyboard in Resources */ = {isa = PBXBuildFile; fileRef = F923C9F51FE94A410037BC92 /* LaunchScreen.storyboard */; };
		F923C9FA1FE94A410037BC92 /* main.m in Sources */ = {isa = PBXBuildFile; fileRef = F923C9F91FE94A410037BC92 /* main.m */; };
/* End PBXBuildFile section */

/* Begin PBXFileReference section */
		F923C9E71FE94A410037BC92 /* CustomSwitchLibrary.app */ = {isa = PBXFileReference; explicitFileType = wrapper.application; includeInIndex = 0; path = CustomSwitchLibrary.app; sourceTree = BUILT_PRODUCTS_DIR; };
		F923C9EA1FE94A410037BC92 /* AppDelegate.h */ = {isa = PBXFileReference; lastKnownFileType = sourcecode.c.h; path = AppDelegate.h; sourceTree = "<group>"; };
		F923C9EB1FE94A410037BC92 /* AppDelegate.m */ = {isa = PBXFileReference; lastKnownFileType = sourcecode.c.objc; path = AppDelegate.m; sourceTree = "<group>"; };
		F923C9ED1FE94A410037BC92 /* ViewController.h */ = {isa = PBXFileReference; lastKnownFileType = sourcecode.c.h; path = ViewController.h; sourceTree = "<group>"; };
		F923C9EE1FE94A410037BC92 /* ViewController.m */ = {isa = PBXFileReference; lastKnownFileType = sourcecode.c.objc; path = ViewController.m; sourceTree = "<group>"; };
		F923C9F11FE94A410037BC92 /* Base */ = {isa = PBXFileReference; lastKnownFileType = file.storyboard; name = Base; path = Base.lproj/Main.storyboard; sourceTree = "<group>"; };
		F923C9F31FE94A410037BC92 /* Assets.xcassets */ = {isa = PBXFileReference; lastKnownFileType = folder.assetcatalog; path = Assets.xcassets; sourceTree = "<group>"; };
		F923C9F61FE94A410037BC92 /* Base */ = {isa = PBXFileReference; lastKnownFileType = file.storyboard; name = Base; path = Base.lproj/LaunchScreen.storyboard; sourceTree = "<group>"; };
		F923C9F81FE94A410037BC92 /* Info.plist */ = {isa = PBXFileReference; lastKnownFileType = text.plist.xml; path = Info.plist; sourceTree = "<group>"; };
		F923C9F91FE94A410037BC92 /* main.m */ = {isa = PBXFileReference; lastKnownFileType = sourcecode.c.objc; path = main.m; sourceTree = "<group>"; };
/* End PBXFileReference section */

/* Begin PBXFrameworksBuildPhase section */
		F923C9E41FE94A410037BC92 /* Frameworks */ = {
			isa = PBXFrameworksBuildPhase;
			buildActionMask = 2147483647;
			files = (
			);
			runOnlyForDeploymentPostprocessing = 0;
		};
/* End PBXFrameworksBuildPhase section */

/* Begin PBXGroup section */
		F923C9DE1FE94A410037BC92 = {
			isa = PBXGroup;
			children = (
				F923C9E91FE94A410037BC92 /* CustomSwitchLibrary */,
				F923C9E81FE94A410037BC92 /* Products */,
			);
			sourceTree = "<group>";
		};
		F923C9E81FE94A410037BC92 /* Products */ = {
			isa = PBXGroup;
			children = (
				F923C9E71FE94A410037BC92 /* CustomSwitchLibrary.app */,
			);
			name = Products;
			sourceTree = "<group>";
		};
		F923C9E91FE94A410037BC92 /* CustomSwitchLibrary */ = {
			isa = PBXGroup;
			children = (
				F923C9EA1FE94A410037BC92 /* AppDelegate.h */,
				F923C9EB1FE94A410037BC92 /* AppDelegate.m */,
				F923C9ED1FE94A410037BC92 /* ViewController.h */,
				F923C9EE1FE94A410037BC92 /* ViewController.m */,
				F923C9F01FE94A410037BC92 /* Main.storyboard */,
				F923C9F31FE94A410037BC92 /* Assets.xcassets */,
				F923C9F51FE94A410037BC92 /* LaunchScreen.storyboard */,
				F923C9F81FE94A410037BC92 /* Info.plist */,
				F923C9F91FE94A410037BC92 /* main.m */,
			);
			path = CustomSwitchLibrary;
			sourceTree = "<group>";
		};
/* End PBXGroup section */

/* Begin PBXNativeTarget section */
		F923C9E61FE94A410037BC92 /* CustomSwitchLibrary */ = {
			isa = PBXNativeTarget;
			buildConfigurationList = F923C9FD1FE94A410037BC92 /* Build configuration list for PBXNativeTarget "CustomSwitchLibrary" */;
			buildPhases = (
				F923C9E31FE94A410037BC92 /* Sources */,
				F923C9E41FE94A410037BC92 /* Frameworks */,
				F923C9E51FE94A410037BC92 /* Resources */,
			);
			buildRules = (
			);
			dependencies = (
			);
			name = CustomSwitchLibrary;
			productName = CustomSwitchLibrary;
			productReference = F923C9E71FE94A410037BC92 /* CustomSwitchLibrary.app */;
			productType = "com.apple.product-type.application";
		};
/* End PBXNativeTarget section */

/* Begin PBXProject section */
		F923C9DF1FE94A410037BC92 /* Project object */ = {
			isa = PBXProject;
			attributes = {
				LastUpgradeCheck = 0900;
				ORGANIZATIONNAME = "Suresh Kumar";
				TargetAttributes = {
					F923C9E61FE94A410037BC92 = {
						CreatedOnToolsVersion = 9.0;
						ProvisioningStyle = Automatic;
					};
				};
			};
			buildConfigurationList = F923C9E21FE94A410037BC92 /* Build configuration list for PBXProject "CustomSwitchLibrary" */;
			compatibilityVersion = "Xcode 8.0";
			developmentRegion = en;
			hasScannedForEncodings = 0;
			knownRegions = (
				en,
				Base,
			);
			mainGroup = F923C9DE1FE94A410037BC92;
			productRefGroup = F923C9E81FE94A410037BC92 /* Products */;
			projectDirPath = "";
			projectRoot = "";
			targets = (
				F923C9E61FE94A410037BC92 /* CustomSwitchLibrary */,
			);
		};
/* End PBXProject section */

/* Begin PBXResourcesBuildPhase section */
		F923C9E51FE94A410037BC92 /* Resources */ = {
			isa = PBXResourcesBuildPhase;
			buildActionMask = 2147483647;
			files = (
				F923C9F71FE94A410037BC92 /* LaunchScreen.storyboard in Resources */,
				F923C9F41FE94A410037BC92 /* Assets.xcassets in Resources */,
				F923C9F21FE94A410037BC92 /* Main.storyboard in Resources */,
			);
			runOnlyForDeploymentPostprocessing = 0;
		};
/* End PBXResourcesBuildPhase section */

/* Begin PBXSourcesBuildPhase section */
		F923C9E31FE94A410037BC92 /* Sources */ = {
			isa = PBXSourcesBuildPhase;
			buildActionMask = 2147483647;
			files = (
				F923C9EF1FE94A410037BC92 /* ViewController.m in Sources */,
				F923C9FA1FE94A410037BC92 /* main.m in Sources */,
				F923C9EC1FE94A410037BC92 /* AppDelegate.m in Sources */,
			);
			runOnlyForDeploymentPostprocessing = 0;
		};
/* End PBXSourcesBuildPhase section */

/* Begin PBXVariantGroup section */
		F923C9F01FE94A410037BC92 /* Main.storyboard */ = {
			isa = PBXVariantGroup;
			children = (
				F923C9F11FE94A410037BC92 /* Base */,
			);
			name = Main.storyboard;
			sourceTree = "<group>";
		};
		F923C9F51FE94A410037BC92 /* LaunchScreen.storyboard */ = {
			isa = PBXVariantGroup;
			children = (
				F923C9F61FE94A410037BC92 /* Base */,
			);
			name = LaunchScreen.storyboard;
			sourceTree = "<group>";
		};
/* End PBXVariantGroup section */

/* Begin XCBuildConfiguration section */
		F923C9FB1FE94A410037BC92 /* Debug */ = {
			isa = XCBuildConfiguration;
			buildSettings = {
				ALWAYS_SEARCH_USER_PATHS = NO;
				CLANG_ANALYZER_NONNULL = YES;
				CLANG_ANALYZER_NUMBER_OBJECT_CONVERSION = YES_AGGRESSIVE;
				CLANG_CXX_LANGUAGE_STANDARD = "gnu++14";
				CLANG_CXX_LIBRARY = "libc++";
				CLANG_ENABLE_MODULES = YES;
				CLANG_ENABLE_OBJC_ARC = YES;
				CLANG_WARN_BLOCK_CAPTURE_AUTORELEASING = YES;
				CLANG_WARN_BOOL_CONVERSION = YES;
				CLANG_WARN_COMMA = YES;
				CLANG_WARN_CONSTANT_CONVERSION = YES;
				CLANG_WARN_DIRECT_OBJC_ISA_USAGE = YES_ERROR;
				CLANG_WARN_DOCUMENTATION_COMMENTS = YES;
				CLANG_WARN_EMPTY_BODY = YES;
				CLANG_WARN_ENUM_CONVERSION = YES;
				CLANG_WARN_INFINITE_RECURSION = YES;
				CLANG_WARN_INT_CONVERSION = YES;
				CLANG_WARN_NON_LITERAL_NULL_CONVERSION = YES;
				CLANG_WARN_OBJC_LITERAL_CONVERSION = YES;
				CLANG_WARN_OBJC_ROOT_CLASS = YES_ERROR;
				CLANG_WARN_RANGE_LOOP_ANALYSIS = YES;
				CLANG_WARN_STRICT_PROTOTYPES = YES;
				CLANG_WARN_SUSPICIOUS_MOVE = YES;
				CLANG_WARN_UNGUARDED_AVAILABILITY = YES_AGGRESSIVE;
				CLANG_WARN_UNREACHABLE_CODE = YES;
				CLANG_WARN__DUPLICATE_METHOD_MATCH = YES;
				CODE_SIGN_IDENTITY = "iPhone Developer";
				COPY_PHASE_STRIP = NO;
				DEBUG_INFORMATION_FORMAT = dwarf;
				ENABLE_STRICT_OBJC_MSGSEND = YES;
				ENABLE_TESTABILITY = YES;
				GCC_C_LANGUAGE_STANDARD = gnu11;
				GCC_DYNAMIC_NO_PIC = NO;
				GCC_NO_COMMON_BLOCKS = YES;
				GCC_OPTIMIZATION_LEVEL = 0;
				GCC_PREPROCESSOR_DEFINITIONS = (
					"DEBUG=1",
					"$(inherited)",
				);
				GCC_WARN_64_TO_32_BIT_CONVERSION = YES;
				GCC_WARN_ABOUT_RETURN_TYPE = YES_ERROR;
				GCC_WARN_UNDECLARED_SELECTOR = YES;
				GCC_WARN_UNINITIALIZED_AUTOS = YES_AGGRESSIVE;
				GCC_WARN_UNUSED_FUNCTION = YES;
				GCC_WARN_UNUSED_VARIABLE = YES;
				IPHONEOS_DEPLOYMENT_TARGET = 11.0;
				MTL_ENABLE_DEBUG_INFO = YES;
				ONLY_ACTIVE_ARCH = YES;
				SDKROOT = iphoneos;
			};
			name = Debug;
		};
		F923C9FC1FE94A410037BC92 /* Release */ = {
			isa = XCBuildConfiguration;
			buildSettings = {
				ALWAYS_SEARCH_USER_PATHS = NO;
				CLANG_ANALYZER_NONNULL = YES;
				CLANG_ANALYZER_NUMBER_OBJECT_CONVERSION = YES_AGGRESSIVE;
				CLANG_CXX_LANGUAGE_STANDARD = "gnu++14";
				CLANG_CXX_LIBRARY = "libc++";
				CLANG_ENABLE_MODULES = YES;
				CLANG_ENABLE_OBJC_ARC = YES;
				CLANG_WARN_BLOCK_CAPTURE_AUTORELEASING = YES;
				CLANG_WARN_BOOL_CONVERSION = YES;
				CLANG_WARN_COMMA = YES;
				CLANG_WARN_CONSTANT_CONVERSION = YES;
				CLANG_WARN_DIRECT_OBJC_ISA_USAGE = YES_ERROR;
				CLANG_WARN_DOCUMENTATION_COMMENTS = YES;
				CLANG_WARN_EMPTY_BODY = YES;
				CLANG_WARN_ENUM_CONVERSION = YES;
				CLANG_WARN_INFINITE_RECURSION = YES;
				CLANG_WARN_INT_CONVERSION = YES;
				CLANG_WARN_NON_LITERAL_NULL_CONVERSION = YES;
				CLANG_WARN_OBJC_LITERAL_CONVERSION = YES;
				CLANG_WARN_OBJC_ROOT_CLASS = YES_ERROR;
				CLANG_WARN_RANGE_LOOP_ANALYSIS = YES;
				CLANG_WARN_STRICT_PROTOTYPES = YES;
				CLANG_WARN_SUSPICIOUS_MOVE = YES;
				CLANG_WARN_UNGUARDED_AVAILABILITY = YES_AGGRESSIVE;
				CLANG_WARN_UNREACHABLE_CODE = YES;
				CLANG_WARN__DUPLICATE_METHOD_MATCH = YES;
				CODE_SIGN_IDENTITY = "iPhone Developer";
				COPY_PHASE_STRIP = NO;
				DEBUG_INFORMATION_FORMAT = "dwarf-with-dsym";
				ENABLE_NS_ASSERTIONS = NO;
				ENABLE_STRICT_OBJC_MSGSEND = YES;
				GCC_C_LANGUAGE_STANDARD = gnu11;
				GCC_NO_COMMON_BLOCKS = YES;
				GCC_WARN_64_TO_32_BIT_CONVERSION = YES;
				GCC_WARN_ABOUT_RETURN_TYPE = YES_ERROR;
				GCC_WARN_UNDECLARED_SELECTOR = YES;
				GCC_WARN_UNINITIALIZED_AUTOS = YES_AGGRESSIVE;
				GCC_WARN_UNUSED_FUNCTION = YES;
				GCC_WARN_UNUSED_VARIABLE = YES;
				IPHONEOS_DEPLOYMENT_TARGET = 11.0;
				MTL_ENABLE_DEBUG_INFO = NO;
				SDKROOT = iphoneos;
				VALIDATE_PRODUCT = YES;
			};
			name = Release;
		};
		F923C9FE1FE94A410037BC92 /* Debug */ = {
			isa = XCBuildConfiguration;
			buildSettings = {
				ASSETCATALOG_COMPILER_APPICON_NAME = AppIcon;
				CODE_SIGN_STYLE = Automatic;
				INFOPLIST_FILE = CustomSwitchLibrary/Info.plist;
				LD_RUNPATH_SEARCH_PATHS = "$(inherited) @executable_path/Frameworks";
				PRODUCT_BUNDLE_IDENTIFIER = com.self.CustomSwitchLibrary;
				PRODUCT_NAME = "$(TARGET_NAME)";
				TARGETED_DEVICE_FAMILY = "1,2";
			};
			name = Debug;
		};
		F923C9FF1FE94A410037BC92 /* Release */ = {
			isa = XCBuildConfiguration;
			buildSettings = {
				ASSETCATALOG_COMPILER_APPICON_NAME = AppIcon;
				CODE_SIGN_STYLE = Automatic;
				INFOPLIST_FILE = CustomSwitchLibrary/Info.plist;
				LD_RUNPATH_SEARCH_PATHS = "$(inherited) @executable_path/Frameworks";
				PRODUCT_BUNDLE_IDENTIFIER = com.self.CustomSwitchLibrary;
				PRODUCT_NAME = "$(TARGET_NAME)";
				TARGETED_DEVICE_FAMILY = "1,2";
			};
			name = Release;
		};
/* End XCBuildConfiguration section */

/* Begin XCConfigurationList section */
		F923C9E21FE94A410037BC92 /* Build configuration list for PBXProject "CustomSwitchLibrary" */ = {
			isa = XCConfigurationList;
			buildConfigurations = (
				F923C9FB1FE94A410037BC92 /* Debug */,
				F923C9FC1FE94A410037BC92 /* Release */,
			);
			defaultConfigurationIsVisible = 0;
			defaultConfigurationName = Release;
		};
		F923C9FD1FE94A410037BC92 /* Build configuration list for PBXNativeTarget "CustomSwitchLibrary" */ = {
			isa = XCConfigurationList;
			buildConfigurations = (
				F923C9FE1FE94A410037BC92 /* Debug */,
				F923C9FF1FE94A410037BC92 /* Release */,
			);
			defaultConfigurationIsVisible = 0;
			defaultConfigurationName = Release;
		};
/* End XCConfigurationList section */
	};
	rootObject = F923C9DF1FE94A410037BC92 /* Project object */;
}
